
Microsoft Visual Studio Solution File, Format Version 12.00
# Visual Studio 15
Project("{FAE04EC0-301F-11D3-BF4B-00C04F79EFBC}") = "Assembly-CSharp", "Assembly-CSharp.csproj", "{F2023FFA-F396-BDDB-8A09-5CFA1CC7CFBA}"
EndProject
Global
	GlobalSection(SolutionConfigurationPlatforms) = preSolution
		Debug|Any CPU = Debug|Any CPU
		Release|Any CPU = Release|Any CPU
	EndGlobalSection
	GlobalSection(ProjectConfigurationPlatforms) = postSolution
		{F2023FFA-F396-BDDB-8A09-5CFA1CC7CFBA}.Debug|Any CPU.ActiveCfg = Debug|Any CPU
		{F2023FFA-F396-BDDB-8A09-5CFA1CC7CFBA}.Debug|Any CPU.Build.0 = Debug|Any CPU
		{F2023FFA-F396-BDDB-8A09-5CFA1CC7CFBA}.Release|Any CPU.ActiveCfg = Release|Any CPU
		{F2023FFA-F396-BDDB-8A09-5CFA1CC7CFBA}.Release|Any CPU.Build.0 = Release|Any CPU
	EndGlobalSection
	GlobalSection(SolutionProperties) = preSolution
		HideSolutionNode = FALSE
	EndGlobalSection
EndGlobal
